
Microsoft Visual Studio Solution File, Format Version 12.00
# Visual Studio Version 17
VisualStudioVersion = 17.11.35208.52
MinimumVisualStudioVersion = 10.0.40219.1
Project("{FAE04EC0-301F-11D3-BF4B-00C04F79EFBC}") = "QELauncher", "QELauncher.csproj", "{5721AE29-D8F5-4DF7-8767-6448EC85D424}"
EndProject
Global
	GlobalSection(SolutionConfigurationPlatforms) = preSolution
		Debug|Any CPU = Debug|Any CPU
		Release|Any CPU = Release|Any CPU
	EndGlobalSection
	GlobalSection(ProjectConfigurationPlatforms) = postSolution
		{5721AE29-D8F5-4DF7-8767-6448EC85D424}.Debug|Any CPU.ActiveCfg = Debug|Any CPU
		{5721AE29-D8F5-4DF7-8767-6448EC85D424}.Debug|Any CPU.Build.0 = Debug|Any CPU
		{5721AE29-D8F5-4DF7-8767-6448EC85D424}.Release|Any CPU.ActiveCfg = Release|Any CPU
		{5721AE29-D8F5-4DF7-8767-6448EC85D424}.Release|Any CPU.Build.0 = Release|Any CPU
	EndGlobalSection
	GlobalSection(SolutionProperties) = preSolution
		HideSolutionNode = FALSE
	EndGlobalSection
	GlobalSection(ExtensibilityGlobals) = postSolution
		SolutionGuid = {4FD80AF5-972D-45F8-AAFD-324AE241CFCA}
	EndGlobalSection
EndGlobal
