<?xml version="1.0" encoding="utf-8"?>
<Project ToolsVersion="4.0" xmlns="http://schemas.microsoft.com/developer/msbuild/2003">
  <ItemGroup>
    <Filter Include="imgui">
      <UniqueIdentifier>{20b90ce4-7fcb-4731-b9a0-075f875de82d}</UniqueIdentifier>
    </Filter>
    <Filter Include="sources">
      <UniqueIdentifier>{f18ab499-84e1-499f-8eff-9754361e0e52}</UniqueIdentifier>
      <Extensions>cpp;c;cc;cxx;def;odl;idl;hpj;bat;asm;asmx</Extensions>
    </Filter>
    <Filter Include="GUI">
      <UniqueIdentifier>{52d0ad18-49df-468f-80bd-defb0611329b}</UniqueIdentifier>
    </Filter>
    <Filter Include="App">
      <UniqueIdentifier>{e466b138-8c0b-4514-a402-395031c930a2}</UniqueIdentifier>
    </Filter>
    <Filter Include="Kernel">
      <UniqueIdentifier>{4eb6fed0-13fa-494f-b773-72f054ee6370}</UniqueIdentifier>
    </Filter>
    <Filter Include="Kernel\SetUp">
      <UniqueIdentifier>{b9d189ed-ab45-4236-9688-2a9375ddb612}</UniqueIdentifier>
    </Filter>
    <Filter Include="Kernel\SetUp\sources">
      <UniqueIdentifier>{51a61441-542a-4ed3-b73a-460e3703ea0c}</UniqueIdentifier>
    </Filter>
    <Filter Include="Kernel\SetUp\headers">
      <UniqueIdentifier>{d0beef7d-5832-43d6-90b4-705de0c991ac}</UniqueIdentifier>
    </Filter>
    <Filter Include="Kernel\Presentation">
      <UniqueIdentifier>{2580ffe9-e298-4224-8b17-df481a4244ab}</UniqueIdentifier>
    </Filter>
    <Filter Include="Kernel\Presentation\headers">
      <UniqueIdentifier>{b0b81838-7780-4f7e-ba48-dd98b2cfb242}</UniqueIdentifier>
    </Filter>
    <Filter Include="Kernel\Presentation\sources">
      <UniqueIdentifier>{d2e0b4c8-4cf7-464b-8491-5056617a42e4}</UniqueIdentifier>
    </Filter>
    <Filter Include="Kernel\GraphicsPipeline">
      <UniqueIdentifier>{42c557f6-d63e-43d9-8f16-5b467f764348}</UniqueIdentifier>
    </Filter>
    <Filter Include="Kernel\GraphicsPipeline\headers">
      <UniqueIdentifier>{a18b3027-1502-465b-9127-bb49bfc70e48}</UniqueIdentifier>
    </Filter>
    <Filter Include="Kernel\GraphicsPipeline\sources">
      <UniqueIdentifier>{e4043ad5-a377-4797-8bc7-5acba5ce5128}</UniqueIdentifier>
    </Filter>
    <Filter Include="Shaders">
      <UniqueIdentifier>{d79e10ec-97e2-40f6-9088-425cbe559db4}</UniqueIdentifier>
    </Filter>
    <Filter Include="Kernel\Draw">
      <UniqueIdentifier>{d1850089-beb2-454c-b3ac-2a4a1081b196}</UniqueIdentifier>
    </Filter>
    <Filter Include="Kernel\Draw\headers">
      <UniqueIdentifier>{2ece9db2-5774-4aa3-8fbd-58e797ec77ec}</UniqueIdentifier>
    </Filter>
    <Filter Include="Kernel\Draw\sources">
      <UniqueIdentifier>{49004daf-4735-46db-8028-e14d8a3c72c5}</UniqueIdentifier>
    </Filter>
    <Filter Include="Kernel\Memory">
      <UniqueIdentifier>{277e7ce8-775c-4fe1-a8da-c3fb3f4c4cf4}</UniqueIdentifier>
    </Filter>
    <Filter Include="Kernel\Memory\headers">
      <UniqueIdentifier>{49fa6b27-456b-4bfd-a008-a4d49ed1c234}</UniqueIdentifier>
    </Filter>
    <Filter Include="Kernel\Memory\sources">
      <UniqueIdentifier>{294d2205-60bc-4958-9efd-208d6472d8a0}</UniqueIdentifier>
    </Filter>
    <Filter Include="Kernel\Utilities">
      <UniqueIdentifier>{f727e80c-0a59-4d70-98cf-fcecac7fc314}</UniqueIdentifier>
    </Filter>
    <Filter Include="Kernel\RayTracing">
      <UniqueIdentifier>{c11c40f2-3e60-4c18-a88f-c99ffbd9062b}</UniqueIdentifier>
    </Filter>
    <Filter Include="GUI\headers">
      <UniqueIdentifier>{f78e6fe7-0667-45db-8900-7a3b4cdc6f8d}</UniqueIdentifier>
    </Filter>
    <Filter Include="GUI\sources">
      <UniqueIdentifier>{33f771b8-d83a-4ee8-9d4c-ce65ede56e8a}</UniqueIdentifier>
    </Filter>
    <Filter Include="Kernel\Utilities\headers">
      <UniqueIdentifier>{9e0eb4c6-cf73-4868-a004-e8ff098416fd}</UniqueIdentifier>
    </Filter>
    <Filter Include="Kernel\Utilities\sources">
      <UniqueIdentifier>{24fcc2b6-6ba6-47eb-af5f-946158765a42}</UniqueIdentifier>
    </Filter>
    <Filter Include="Input">
      <UniqueIdentifier>{5ece5c4b-5470-443d-8622-c4f880cf2143}</UniqueIdentifier>
    </Filter>
    <Filter Include="Kernel\Utilities\Geometry">
      <UniqueIdentifier>{917bab5f-3fc6-402a-99f9-0b706a22c125}</UniqueIdentifier>
    </Filter>
    <Filter Include="Kernel\Utilities\Geometry\headers">
      <UniqueIdentifier>{367dba87-a6a0-4779-9449-4d754e164856}</UniqueIdentifier>
    </Filter>
    <Filter Include="Kernel\Utilities\Geometry\sources">
      <UniqueIdentifier>{c9ba81bf-d5bc-4c0c-954c-3e9e7c901093}</UniqueIdentifier>
    </Filter>
    <Filter Include="Shaders\Grid">
      <UniqueIdentifier>{72acd058-6f24-4783-aa03-7ae4e3baedb1}</UniqueIdentifier>
    </Filter>
    <Filter Include="Kernel\Utilities\Light">
      <UniqueIdentifier>{0a640924-8f1b-4954-8857-79b55ca5580d}</UniqueIdentifier>
    </Filter>
    <Filter Include="Kernel\Utilities\Camera">
      <UniqueIdentifier>{e7700273-ac32-4d4d-9217-f056679a8f6a}</UniqueIdentifier>
    </Filter>
    <Filter Include="Kernel\Utilities\Light\headers">
      <UniqueIdentifier>{ad10c99b-dd8c-4cda-b1e3-0b74eb1fce0f}</UniqueIdentifier>
    </Filter>
    <Filter Include="Kernel\Utilities\Light\sources">
      <UniqueIdentifier>{d35529f0-c9a2-497f-9c3d-7af2d7ae40c9}</UniqueIdentifier>
    </Filter>
    <Filter Include="Kernel\Utilities\Material">
      <UniqueIdentifier>{bc14b873-8b10-44f1-9d5c-cad3d227de79}</UniqueIdentifier>
    </Filter>
    <Filter Include="Kernel\Utilities\Material\headers">
      <UniqueIdentifier>{55acbbd4-f199-4b69-a550-e60d3cdef8ed}</UniqueIdentifier>
    </Filter>
    <Filter Include="Kernel\Utilities\Material\sources">
      <UniqueIdentifier>{68b325ea-8e1e-4aa7-9d5f-e299b6a0fae1}</UniqueIdentifier>
    </Filter>
    <Filter Include="Kernel\Utilities\Physics">
      <UniqueIdentifier>{cec6e70c-d834-44ef-8dd4-281a50208701}</UniqueIdentifier>
    </Filter>
    <Filter Include="Kernel\Utilities\Physics\headers">
      <UniqueIdentifier>{1a48413a-e798-41f7-a99e-750f87b0e1fa}</UniqueIdentifier>
    </Filter>
    <Filter Include="Kernel\Utilities\Physics\sources">
      <UniqueIdentifier>{debbca75-bb43-4891-bf5c-fdcbcf9a6e7d}</UniqueIdentifier>
    </Filter>
    <Filter Include="Kernel\Editor">
      <UniqueIdentifier>{d22884af-b895-4338-a75a-09e65aee16a3}</UniqueIdentifier>
    </Filter>
    <Filter Include="Kernel\Editor\headers">
      <UniqueIdentifier>{e935cab0-d59a-4d7f-b766-50377d13d0dc}</UniqueIdentifier>
    </Filter>
    <Filter Include="Kernel\Editor\sources">
      <UniqueIdentifier>{b97a9af9-fa9c-4160-972c-e0a5e9c4226f}</UniqueIdentifier>
    </Filter>
    <Filter Include="Kernel\Utilities\Animation">
      <UniqueIdentifier>{8e98bae6-a3fc-48e1-a2fa-737539351b16}</UniqueIdentifier>
    </Filter>
    <Filter Include="Kernel\Utilities\Animation\headers">
      <UniqueIdentifier>{8bb3d9f0-4527-4833-8899-d72e95573deb}</UniqueIdentifier>
    </Filter>
    <Filter Include="Kernel\Utilities\Animation\sources">
      <UniqueIdentifier>{1643d7c8-a702-4e74-8d8c-98815181dde1}</UniqueIdentifier>
    </Filter>
    <Filter Include="Kernel\Utilities\Compute">
      <UniqueIdentifier>{9cdff703-6ad8-4849-9315-534ef0f043be}</UniqueIdentifier>
    </Filter>
    <Filter Include="Kernel\Utilities\Compute\headers">
      <UniqueIdentifier>{da4ca1e8-6b22-4ada-99fa-66ddd31dd9de}</UniqueIdentifier>
    </Filter>
    <Filter Include="Kernel\Utilities\Compute\sources">
      <UniqueIdentifier>{99724e17-9579-4932-baf2-d0486fb8556c}</UniqueIdentifier>
    </Filter>
    <Filter Include="Kernel\Utilities\Particles">
      <UniqueIdentifier>{12cdd81d-362e-464a-9ca6-e3a800fd8a93}</UniqueIdentifier>
    </Filter>
    <Filter Include="Kernel\Utilities\Particles\headers">
      <UniqueIdentifier>{1aa1c761-14bb-4e67-a279-2e4b1fa48ac9}</UniqueIdentifier>
    </Filter>
    <Filter Include="Kernel\Utilities\Particles\sources">
      <UniqueIdentifier>{d3d38f78-ea29-4509-a50b-178b1326321f}</UniqueIdentifier>
    </Filter>
    <Filter Include="Kernel\Utilities\Camera\headers">
      <UniqueIdentifier>{bfcc7120-36c4-4eb1-bd6c-c7d6f9580d58}</UniqueIdentifier>
    </Filter>
    <Filter Include="Kernel\Utilities\Camera\sources">
      <UniqueIdentifier>{ecb8f644-0dda-4680-856e-df6fd7f62528}</UniqueIdentifier>
    </Filter>
    <Filter Include="Kernel\Utilities\Atmosphere">
      <UniqueIdentifier>{229c21bb-841c-4c13-8255-aad3d642bdc6}</UniqueIdentifier>
    </Filter>
  </ItemGroup>
  <ItemGroup>
    <ClCompile Include="main.cpp">
      <Filter>sources</Filter>
    </ClCompile>
    <ClCompile Include="SetUp\VulkanLayerAndExtension.cpp">
      <Filter>Kernel\SetUp\sources</Filter>
    </ClCompile>
    <ClCompile Include="SetUp\DeviceModule.cpp">
      <Filter>Kernel\SetUp\sources</Filter>
    </ClCompile>
    <ClCompile Include="SetUp\VulkanInstance.cpp">
      <Filter>Kernel\SetUp\sources</Filter>
    </ClCompile>
    <ClCompile Include="Presentation\SwapChainModule.cpp">
      <Filter>Kernel\Presentation\sources</Filter>
    </ClCompile>
    <ClCompile Include="Presentation\WindowSurface.cpp">
      <Filter>Kernel\Presentation\sources</Filter>
    </ClCompile>
    <ClCompile Include="GraphicsPipeline\ShaderModule.cpp">
      <Filter>Kernel\GraphicsPipeline\sources</Filter>
    </ClCompile>
    <ClCompile Include="GraphicsPipeline\GraphicsPipelineModule.cpp">
      <Filter>Kernel\GraphicsPipeline\sources</Filter>
    </ClCompile>
    <ClCompile Include="Presentation\ImageViewModule.cpp">
      <Filter>Kernel\Presentation\sources</Filter>
    </ClCompile>
    <ClCompile Include="Draw\FrameBufferModule.cpp">
      <Filter>Kernel\Draw\sources</Filter>
    </ClCompile>
    <ClCompile Include="Draw\CommandPoolModule.cpp">
      <Filter>Kernel\Draw\sources</Filter>
    </ClCompile>
    <ClCompile Include="Draw\SynchronizationModule.cpp">
      <Filter>Kernel\Draw\sources</Filter>
    </ClCompile>
    <ClCompile Include="Memory\BufferManageModule.cpp">
      <Filter>Kernel\Memory\sources</Filter>
    </ClCompile>
    <ClCompile Include="Presentation\DepthBufferModule.cpp">
      <Filter>Kernel\Presentation\sources</Filter>
    </ClCompile>
    <ClCompile Include="Memory\TextureManagerModule.cpp">
      <Filter>Kernel\Memory\sources</Filter>
    </ClCompile>
    <ClCompile Include="Presentation\AntiAliasingModule.cpp">
      <Filter>Kernel\Presentation\sources</Filter>
    </ClCompile>
    <ClCompile Include="RayTracing\RayTracingModule.cpp">
      <Filter>Kernel\RayTracing</Filter>
    </ClCompile>
    <ClCompile Include="GUI\GUIWindow.cpp">
      <Filter>GUI\sources</Filter>
    </ClCompile>
    <ClCompile Include="GUI\SceneWindow.cpp">
      <Filter>GUI\sources</Filter>
    </ClCompile>
    <ClCompile Include="App\App.cpp">
      <Filter>App</Filter>
    </ClCompile>
    <ClCompile Include="Utilities\GameObject.cpp">
      <Filter>Kernel\Utilities\sources</Filter>
    </ClCompile>
    <ClCompile Include="Utilities\GameComponent.cpp">
      <Filter>Kernel\Utilities\sources</Filter>
    </ClCompile>
    <ClCompile Include="Utilities\Transform.cpp">
      <Filter>Kernel\Utilities\sources</Filter>
    </ClCompile>
    <ClCompile Include="SetUp\QueueModule.cpp">
      <Filter>Kernel\SetUp\sources</Filter>
    </ClCompile>
    <ClCompile Include="Input\KeyboardController.cpp">
      <Filter>Input</Filter>
    </ClCompile>
    <ClCompile Include="Draw\RenderPassModule.cpp">
      <Filter>Kernel\Draw\sources</Filter>
    </ClCompile>
    <ClCompile Include="Utilities\Geometry\GeometryComponent.cpp">
      <Filter>Kernel\Utilities\Geometry\sources</Filter>
    </ClCompile>
    <ClCompile Include="Utilities\Geometry\Mesh.cpp">
      <Filter>Kernel\Utilities\Geometry\sources</Filter>
    </ClCompile>
    <ClCompile Include="Utilities\Geometry\PrimitiveMesh.cpp">
      <Filter>Kernel\Utilities\Geometry\sources</Filter>
    </ClCompile>
    <ClCompile Include="Memory\UBO.cpp">
      <Filter>Kernel\Memory\sources</Filter>
    </ClCompile>
    <ClCompile Include="Utilities\Light\Light.cpp">
      <Filter>Kernel\Utilities\Light\sources</Filter>
    </ClCompile>
    <ClCompile Include="Utilities\Light\LightManager.cpp">
      <Filter>Kernel\Utilities\Light\sources</Filter>
    </ClCompile>
    <ClCompile Include="Utilities\Light\PointLight.cpp">
      <Filter>Kernel\Utilities\Light\sources</Filter>
    </ClCompile>
    <ClCompile Include="..\Linking\imgui\backends\imgui_impl_glfw.cpp">
      <Filter>sources</Filter>
    </ClCompile>
    <ClCompile Include="..\Linking\imgui\backends\imgui_impl_vulkan.cpp">
      <Filter>sources</Filter>
    </ClCompile>
    <ClCompile Include="..\Linking\imgui\imgui.cpp">
      <Filter>sources</Filter>
    </ClCompile>
    <ClCompile Include="..\Linking\imgui\imgui_demo.cpp">
      <Filter>sources</Filter>
    </ClCompile>
    <ClCompile Include="..\Linking\imgui\imgui_draw.cpp">
      <Filter>sources</Filter>
    </ClCompile>
    <ClCompile Include="..\Linking\imgui\imgui_tables.cpp">
      <Filter>sources</Filter>
    </ClCompile>
    <ClCompile Include="..\Linking\imgui\imgui_widgets.cpp">
      <Filter>sources</Filter>
    </ClCompile>
    <ClCompile Include="Utilities\Geometry\MeshImporter.cpp">
      <Filter>Kernel\Utilities\Geometry\sources</Filter>
    </ClCompile>
    <ClCompile Include="Utilities\Material\Material.cpp">
      <Filter>Kernel\Utilities\Material\sources</Filter>
    </ClCompile>
    <ClCompile Include="Utilities\Material\CustomTexture.cpp">
      <Filter>Kernel\Utilities\Material\sources</Filter>
    </ClCompile>
    <ClCompile Include="Utilities\Material\MaterialManager.cpp">
      <Filter>Kernel\Utilities\Material\sources</Filter>
    </ClCompile>
    <ClCompile Include="Utilities\Material\TextureManager.cpp">
      <Filter>Kernel\Utilities\Material\sources</Filter>
    </ClCompile>
    <ClCompile Include="Utilities\Material\ShaderManager.cpp">
      <Filter>Kernel\Utilities\Material\sources</Filter>
    </ClCompile>
    <ClCompile Include="Utilities\Light\DirectionalLight.cpp">
      <Filter>Kernel\Utilities\Light\sources</Filter>
    </ClCompile>
    <ClCompile Include="Utilities\Light\SpotLight.cpp">
      <Filter>Kernel\Utilities\Light\sources</Filter>
    </ClCompile>
    <ClCompile Include="Utilities\Physics\Collider.cpp">
      <Filter>Kernel\Utilities\Physics\sources</Filter>
    </ClCompile>
    <ClCompile Include="Utilities\Physics\SphereCollider.cpp">
      <Filter>Kernel\Utilities\Physics\sources</Filter>
    </ClCompile>
    <ClCompile Include="Utilities\Physics\BoxCollider.cpp">
      <Filter>Kernel\Utilities\Physics\sources</Filter>
    </ClCompile>
    <ClCompile Include="Utilities\Physics\PlaneCollider.cpp">
      <Filter>Kernel\Utilities\Physics\sources</Filter>
    </ClCompile>
    <ClCompile Include="Utilities\Physics\PhysicBody.cpp">
      <Filter>Kernel\Utilities\Physics\sources</Filter>
    </ClCompile>
    <ClCompile Include="Utilities\Physics\PhysicsModule.cpp">
      <Filter>Kernel\Utilities\Physics\sources</Filter>
    </ClCompile>
    <ClCompile Include="Editor\EditorObjectManager.cpp">
      <Filter>Kernel\Editor\sources</Filter>
    </ClCompile>
    <ClCompile Include="Editor\EditorObject.cpp">
      <Filter>Kernel\Editor\sources</Filter>
    </ClCompile>
    <ClCompile Include="Editor\Grid.cpp">
      <Filter>Kernel\Editor\sources</Filter>
    </ClCompile>
    <ClCompile Include="Utilities\GameObjectManager.cpp">
      <Filter>Kernel\Utilities\sources</Filter>
    </ClCompile>
    <ClCompile Include="Utilities\Animation\AnimationImporter.cpp">
      <Filter>Kernel\Utilities\Animation\sources</Filter>
    </ClCompile>
    <ClCompile Include="Utilities\Animation\Bone.cpp">
      <Filter>Kernel\Utilities\Animation\sources</Filter>
    </ClCompile>
    <ClCompile Include="Utilities\Animation\Animator.cpp">
      <Filter>Kernel\Utilities\Animation\sources</Filter>
    </ClCompile>
    <ClCompile Include="Utilities\Animation\Animation.cpp">
      <Filter>Kernel\Utilities\Animation\sources</Filter>
    </ClCompile>
    <ClCompile Include="Utilities\Animation\AnimationComponent.cpp">
      <Filter>Kernel\Utilities\Animation\sources</Filter>
    </ClCompile>
    <ClCompile Include="Utilities\Animation\AnimationManager.cpp">
      <Filter>Kernel\Utilities\Animation\sources</Filter>
    </ClCompile>
    <ClCompile Include="Utilities\Animation\SkeletalComponent.cpp">
      <Filter>Kernel\Utilities\Animation\sources</Filter>
    </ClCompile>
    <ClCompile Include="GraphicsPipeline\ComputePipelineModule.cpp">
      <Filter>Kernel\GraphicsPipeline\sources</Filter>
    </ClCompile>
    <ClCompile Include="Utilities\Compute\ComputeNode.cpp">
      <Filter>Kernel\Utilities\Compute\sources</Filter>
    </ClCompile>
    <ClCompile Include="Memory\ComputeDescriptorModule.cpp">
      <Filter>Kernel\Utilities\Compute\sources</Filter>
    </ClCompile>
    <ClCompile Include="Utilities\Particles\ParticleSystem.cpp">
      <Filter>Kernel\Utilities\Particles\sources</Filter>
    </ClCompile>
    <ClCompile Include="Utilities\Compute\ComputeNodeManager.cpp">
      <Filter>Kernel\Utilities\Compute\sources</Filter>
    </ClCompile>
    <ClCompile Include="GraphicsPipeline\RenderLayerModule.cpp">
      <Filter>Kernel\GraphicsPipeline\sources</Filter>
    </ClCompile>
    <ClCompile Include="Memory\DescriptorBuffer.cpp">
      <Filter>Kernel\Memory\sources</Filter>
    </ClCompile>
    <ClCompile Include="GraphicsPipeline\GraphicsPipelineManager.cpp">
      <Filter>Kernel\GraphicsPipeline\sources</Filter>
    </ClCompile>
    <ClCompile Include="GraphicsPipeline\ReflectShader.cpp">
      <Filter>Kernel\GraphicsPipeline\sources</Filter>
    </ClCompile>
    <ClCompile Include="Utilities\Numbered.cpp">
      <Filter>Kernel\Utilities\sources</Filter>
    </ClCompile>
    <ClCompile Include="GraphicsPipeline\PipelineModule.cpp">
      <Filter>Kernel\GraphicsPipeline\sources</Filter>
    </ClCompile>
    <ClCompile Include="Utilities\Material\MaterialData.cpp">
      <Filter>Kernel\Utilities\Material\sources</Filter>
    </ClCompile>
    <ClCompile Include="GraphicsPipeline\ComputePipelineManager.cpp">
      <Filter>Kernel\GraphicsPipeline\sources</Filter>
    </ClCompile>
    <ClCompile Include="Memory\ComputeDescriptorBuffer.cpp">
      <Filter>Kernel\Memory\sources</Filter>
    </ClCompile>
    <ClCompile Include="Utilities\Timer.cpp">
      <Filter>Kernel\Utilities\sources</Filter>
    </ClCompile>
    <ClCompile Include="Utilities\Particles\ParticleSystemManager.cpp">
      <Filter>Kernel\Utilities\Particles\sources</Filter>
    </ClCompile>
    <ClCompile Include="Utilities\Geometry\Meshlet.cpp">
      <Filter>Kernel\Utilities\Geometry\sources</Filter>
    </ClCompile>
    <ClCompile Include="Utilities\Camera\CullingSceneManager.cpp">
      <Filter>Kernel\Utilities\Camera\sources</Filter>
    </ClCompile>
    <ClCompile Include="Utilities\Camera\Camera.cpp">
      <Filter>Kernel\Utilities\Camera\sources</Filter>
    </ClCompile>
    <ClCompile Include="Utilities\Camera\CameraEditor.cpp">
      <Filter>Kernel\Utilities\Camera\sources</Filter>
    </ClCompile>
    <ClCompile Include="Utilities\Physics\AABBObject.cpp">
      <Filter>Kernel\Utilities\Physics\sources</Filter>
    </ClCompile>
    <ClCompile Include="Utilities\Camera\FrustumComponent.cpp">
      <Filter>Kernel\Utilities\Camera\sources</Filter>
    </ClCompile>
    <ClCompile Include="GraphicsPipeline\ShadowPipelineModule.cpp">
      <Filter>Kernel\GraphicsPipeline\sources</Filter>
    </ClCompile>
    <ClCompile Include="GraphicsPipeline\ShadowPipelineManager.cpp">
      <Filter>Kernel\GraphicsPipeline\sources</Filter>
    </ClCompile>
    <ClCompile Include="Memory\PointShadowDescriptorsManager.cpp">
      <Filter>Kernel\Memory\sources</Filter>
    </ClCompile>
    <ClCompile Include="Memory\OmniShadowResources.cpp">
      <Filter>Kernel\Memory\sources</Filter>
    </ClCompile>
    <ClCompile Include="Memory\CSMResources.cpp">
      <Filter>Kernel\Memory\sources</Filter>
    </ClCompile>
    <ClCompile Include="Memory\CSMDescriptorsManager.cpp">
      <Filter>Kernel\Memory\sources</Filter>
    </ClCompile>
    <ClCompile Include="Utilities\Atmosphere\AtmosphereSystem.cpp">
      <Filter>Kernel\Utilities\Atmosphere</Filter>
    </ClCompile>
  </ItemGroup>
  <ItemGroup>
    <ClInclude Include="SetUp\DeviceModule.h">
      <Filter>Kernel\SetUp\headers</Filter>
    </ClInclude>
    <ClInclude Include="SetUp\QueueFamiliesModule.h">
      <Filter>Kernel\SetUp\headers</Filter>
    </ClInclude>
    <ClInclude Include="SetUp\QueueModule.h">
      <Filter>Kernel\SetUp\headers</Filter>
    </ClInclude>
    <ClInclude Include="SetUp\VulkanInstance.h">
      <Filter>Kernel\SetUp\headers</Filter>
    </ClInclude>
    <ClInclude Include="SetUp\VulkanLayerAndExtension.h">
      <Filter>Kernel\SetUp\headers</Filter>
    </ClInclude>
    <ClInclude Include="Presentation\SwapChainModule.h">
      <Filter>Kernel\Presentation\headers</Filter>
    </ClInclude>
    <ClInclude Include="Presentation\WindowSurface.h">
      <Filter>Kernel\Presentation\headers</Filter>
    </ClInclude>
    <ClInclude Include="GraphicsPipeline\ShaderModule.h">
      <Filter>Kernel\GraphicsPipeline\headers</Filter>
    </ClInclude>
    <ClInclude Include="GraphicsPipeline\GraphicsPipelineModule.h">
      <Filter>Kernel\GraphicsPipeline\headers</Filter>
    </ClInclude>
    <ClInclude Include="Presentation\ImageViewModule.h">
      <Filter>Kernel\Presentation\headers</Filter>
    </ClInclude>
    <ClInclude Include="Draw\FrameBufferModule.h">
      <Filter>Kernel\Draw\headers</Filter>
    </ClInclude>
    <ClInclude Include="Draw\CommandPoolModule.h">
      <Filter>Kernel\Draw\headers</Filter>
    </ClInclude>
    <ClInclude Include="Draw\SynchronizationModule.h">
      <Filter>Kernel\Draw\headers</Filter>
    </ClInclude>
    <ClInclude Include="Memory\BufferManageModule.h">
      <Filter>Kernel\Memory\headers</Filter>
    </ClInclude>
    <ClInclude Include="Presentation\SwapChainTool.hpp">
      <Filter>Kernel\Presentation\headers</Filter>
    </ClInclude>
    <ClInclude Include="Presentation\DepthBufferModule.h">
      <Filter>Kernel\Presentation\headers</Filter>
    </ClInclude>
    <ClInclude Include="Memory\ImageMemoryTools.h">
      <Filter>Kernel\Memory\headers</Filter>
    </ClInclude>
    <ClInclude Include="Memory\TextureManagerModule.h">
      <Filter>Kernel\Memory\headers</Filter>
    </ClInclude>
    <ClInclude Include="Presentation\AntiAliasingModule.h">
      <Filter>Kernel\Presentation\headers</Filter>
    </ClInclude>
    <ClInclude Include="RayTracing\RayTracingModule.h">
      <Filter>Kernel\RayTracing</Filter>
    </ClInclude>
    <ClInclude Include="GUI\GUIWindow.h">
      <Filter>GUI\headers</Filter>
    </ClInclude>
    <ClInclude Include="GUI\SceneWindow.h">
      <Filter>GUI\headers</Filter>
    </ClInclude>
    <ClInclude Include="App\App.h">
      <Filter>App</Filter>
    </ClInclude>
    <ClInclude Include="Utilities\GameObject.h">
      <Filter>Kernel\Utilities\headers</Filter>
    </ClInclude>
    <ClInclude Include="Utilities\GameComponent.h">
      <Filter>Kernel\Utilities\headers</Filter>
    </ClInclude>
    <ClInclude Include="Utilities\Transform.h">
      <Filter>Kernel\Utilities\headers</Filter>
    </ClInclude>
    <ClInclude Include="Draw\SyncTool.h">
      <Filter>Kernel\Draw\headers</Filter>
    </ClInclude>
    <ClInclude Include="Input\KeyboardController.h">
      <Filter>Input</Filter>
    </ClInclude>
    <ClInclude Include="Draw\RenderPassModule.h">
      <Filter>Kernel\Draw\headers</Filter>
    </ClInclude>
    <ClInclude Include="Utilities\Geometry\GeometryComponent.h">
      <Filter>Kernel\Utilities\Geometry\headers</Filter>
    </ClInclude>
    <ClInclude Include="Utilities\Geometry\Mesh.h">
      <Filter>Kernel\Utilities\Geometry\headers</Filter>
    </ClInclude>
    <ClInclude Include="Utilities\Geometry\Vertex.h">
      <Filter>Kernel\Utilities\Geometry\headers</Filter>
    </ClInclude>
    <ClInclude Include="Utilities\Geometry\PrimitiveMesh.h">
      <Filter>Kernel\Utilities\Geometry\headers</Filter>
    </ClInclude>
    <ClInclude Include="Utilities\Geometry\PrimitiveTypes.h">
      <Filter>Kernel\Utilities\Geometry\headers</Filter>
    </ClInclude>
    <ClInclude Include="Memory\UBO.h">
      <Filter>Kernel\Memory\headers</Filter>
    </ClInclude>
    <ClInclude Include="Utilities\Light\Light.h">
      <Filter>Kernel\Utilities\Light\headers</Filter>
    </ClInclude>
    <ClInclude Include="Utilities\Light\LightManager.h">
      <Filter>Kernel\Utilities\Light\headers</Filter>
    </ClInclude>
    <ClInclude Include="Utilities\Light\PointLight.h">
      <Filter>Kernel\Utilities\Light\headers</Filter>
    </ClInclude>
    <ClInclude Include="..\Linking\imgui\backends\imgui_impl_glfw.h" />
    <ClInclude Include="..\Linking\imgui\backends\imgui_impl_vulkan.h" />
    <ClInclude Include="..\Linking\imgui\imconfig.h" />
    <ClInclude Include="..\Linking\imgui\imgui.h" />
    <ClInclude Include="..\Linking\imgui\imgui_internal.h" />
    <ClInclude Include="Utilities\Geometry\MeshImporter.h">
      <Filter>Kernel\Utilities\Geometry\headers</Filter>
    </ClInclude>
    <ClInclude Include="Utilities\Geometry\RawGeometry.h">
      <Filter>Kernel\Utilities\Geometry\headers</Filter>
    </ClInclude>
    <ClInclude Include="Utilities\Material\CustomTexture.h">
      <Filter>Kernel\Utilities\Material\headers</Filter>
    </ClInclude>
    <ClInclude Include="Utilities\Material\Material.h">
      <Filter>Kernel\Utilities\Material\headers</Filter>
    </ClInclude>
    <ClInclude Include="Utilities\Material\TextureTypes.h">
      <Filter>Kernel\Utilities\Material\headers</Filter>
    </ClInclude>
    <ClInclude Include="Utilities\Material\MaterialManager.h">
      <Filter>Kernel\Utilities\Material\headers</Filter>
    </ClInclude>
    <ClInclude Include="Utilities\Material\TextureManager.h">
      <Filter>Kernel\Utilities\Material\headers</Filter>
    </ClInclude>
    <ClInclude Include="Utilities\Material\ShaderManager.h">
      <Filter>Kernel\Utilities\Material\headers</Filter>
    </ClInclude>
    <ClInclude Include="Utilities\Light\DirectionalLight.h">
      <Filter>Kernel\Utilities\Light\headers</Filter>
    </ClInclude>
    <ClInclude Include="Utilities\Light\SpotLight.h">
      <Filter>Kernel\Utilities\Light\headers</Filter>
    </ClInclude>
    <ClInclude Include="Utilities\Physics\Collider.h">
      <Filter>Kernel\Utilities\Physics\headers</Filter>
    </ClInclude>
    <ClInclude Include="Utilities\Physics\SphereCollider.h">
      <Filter>Kernel\Utilities\Physics\headers</Filter>
    </ClInclude>
    <ClInclude Include="Utilities\Physics\BoxCollider.h">
      <Filter>Kernel\Utilities\Physics\headers</Filter>
    </ClInclude>
    <ClInclude Include="Utilities\Physics\PlaneCollider.h">
      <Filter>Kernel\Utilities\Physics\headers</Filter>
    </ClInclude>
    <ClInclude Include="Utilities\Physics\PhysicBody.h">
      <Filter>Kernel\Utilities\Physics\headers</Filter>
    </ClInclude>
    <ClInclude Include="Utilities\Physics\PhysicsModule.h">
      <Filter>Kernel\Utilities\Physics\headers</Filter>
    </ClInclude>
    <ClInclude Include="Editor\EditorObjectManager.h">
      <Filter>Kernel\Editor\headers</Filter>
    </ClInclude>
    <ClInclude Include="Editor\EditorObject.h">
      <Filter>Kernel\Editor\headers</Filter>
    </ClInclude>
    <ClInclude Include="Editor\Grid.h">
      <Filter>Kernel\Editor\headers</Filter>
    </ClInclude>
    <ClInclude Include="Utilities\GameObjectManager.h">
      <Filter>Kernel\Utilities\headers</Filter>
    </ClInclude>
    <ClInclude Include="Utilities\Animation\AnimationImporter.h">
      <Filter>Kernel\Utilities\Animation\headers</Filter>
    </ClInclude>
    <ClInclude Include="Utilities\Animation\Bone.h">
      <Filter>Kernel\Utilities\Animation\headers</Filter>
    </ClInclude>
    <ClInclude Include="Utilities\Animation\Animator.h">
      <Filter>Kernel\Utilities\Animation\headers</Filter>
    </ClInclude>
    <ClInclude Include="Utilities\Animation\Animation.h">
      <Filter>Kernel\Utilities\Animation\headers</Filter>
    </ClInclude>
    <ClInclude Include="Utilities\Animation\AnimationComponent.h">
      <Filter>Kernel\Utilities\Animation\headers</Filter>
    </ClInclude>
    <ClInclude Include="Utilities\Animation\AnimationResources.h">
      <Filter>Kernel\Utilities\Animation\headers</Filter>
    </ClInclude>
    <ClInclude Include="Utilities\Animation\AnimationManager.h">
      <Filter>Kernel\Utilities\Animation\headers</Filter>
    </ClInclude>
    <ClInclude Include="Utilities\Animation\SkeletalComponent.h">
      <Filter>Kernel\Utilities\Animation\headers</Filter>
    </ClInclude>
    <ClInclude Include="GraphicsPipeline\ComputePipelineModule.h">
      <Filter>Kernel\GraphicsPipeline\headers</Filter>
    </ClInclude>
    <ClInclude Include="Utilities\Compute\ComputeNode.h">
      <Filter>Kernel\Utilities\Compute\headers</Filter>
    </ClInclude>
    <ClInclude Include="Memory\ComputeDescriptorModule.h">
      <Filter>Kernel\Utilities\Compute\headers</Filter>
    </ClInclude>
    <ClInclude Include="Utilities\Particles\ParticleSystem.h">
      <Filter>Kernel\Utilities\Particles\headers</Filter>
    </ClInclude>
    <ClInclude Include="GraphicsPipeline\RenderLayer.h">
      <Filter>Kernel\GraphicsPipeline\headers</Filter>
    </ClInclude>
    <ClInclude Include="Utilities\Compute\ComputeNodeManager.h">
      <Filter>Kernel\Utilities\Compute\headers</Filter>
    </ClInclude>
    <ClInclude Include="GraphicsPipeline\RenderLayerModule.h">
      <Filter>Kernel\GraphicsPipeline\headers</Filter>
    </ClInclude>
    <ClInclude Include="Memory\DescriptorBuffer.h">
      <Filter>Kernel\Memory\headers</Filter>
    </ClInclude>
    <ClInclude Include="GraphicsPipeline\GraphicsPipelineManager.h">
      <Filter>Kernel\GraphicsPipeline\headers</Filter>
    </ClInclude>
    <ClInclude Include="GraphicsPipeline\ReflectShader.h">
      <Filter>Kernel\GraphicsPipeline\headers</Filter>
    </ClInclude>
    <ClInclude Include="Utilities\Numbered.h">
      <Filter>Kernel\Utilities\headers</Filter>
    </ClInclude>
    <ClInclude Include="GraphicsPipeline\PipelineModule.h">
      <Filter>Kernel\GraphicsPipeline\headers</Filter>
    </ClInclude>
    <ClInclude Include="Utilities\Material\MaterialData.h">
      <Filter>Kernel\Utilities\Material\headers</Filter>
    </ClInclude>
    <ClInclude Include="GraphicsPipeline\ComputePipelineManager.h">
      <Filter>Kernel\GraphicsPipeline\headers</Filter>
    </ClInclude>
    <ClInclude Include="Memory\ComputeDescriptorBuffer.h">
      <Filter>Kernel\Memory\headers</Filter>
    </ClInclude>
    <ClInclude Include="Utilities\Timer.h">
      <Filter>Kernel\Utilities\headers</Filter>
    </ClInclude>
    <ClInclude Include="Utilities\Particles\ParticleSystemManager.h">
      <Filter>Kernel\Utilities\Particles\headers</Filter>
    </ClInclude>
    <ClInclude Include="Utilities\Geometry\Meshlet.h">
      <Filter>Kernel\Utilities\Geometry\headers</Filter>
    </ClInclude>
    <ClInclude Include="Utilities\Camera\Camera.h">
      <Filter>Kernel\Utilities\Camera\headers</Filter>
    </ClInclude>
    <ClInclude Include="Utilities\Camera\CameraEditor.h">
      <Filter>Kernel\Utilities\Camera\headers</Filter>
    </ClInclude>
    <ClInclude Include="Utilities\Camera\CullingSceneManager.h">
      <Filter>Kernel\Utilities\Camera\headers</Filter>
    </ClInclude>
    <ClInclude Include="Utilities\Physics\AABBObject.h">
      <Filter>Kernel\Utilities\Physics\headers</Filter>
    </ClInclude>
    <ClInclude Include="Utilities\Camera\FrustumComponent.h">
      <Filter>Kernel\Utilities\Camera\headers</Filter>
    </ClInclude>
    <ClInclude Include="GraphicsPipeline\ShadowPipelineModule.h">
      <Filter>Kernel\GraphicsPipeline\headers</Filter>
    </ClInclude>
    <ClInclude Include="GraphicsPipeline\ShadowPipelineManager.h">
      <Filter>Kernel\GraphicsPipeline\headers</Filter>
    </ClInclude>
    <ClInclude Include="GraphicsPipeline\ShadowMappingMode.h">
      <Filter>Kernel\GraphicsPipeline\headers</Filter>
    </ClInclude>
    <ClInclude Include="Memory\PointShadowDescriptorsManager.h">
      <Filter>Kernel\Memory\headers</Filter>
    </ClInclude>
    <ClInclude Include="Memory\OmniShadowResources.h">
      <Filter>Kernel\Memory\headers</Filter>
    </ClInclude>
    <ClInclude Include="Memory\CSMResources.h">
      <Filter>Kernel\Memory\headers</Filter>
    </ClInclude>
    <ClInclude Include="Memory\CSMDescriptorsManager.h">
      <Filter>Kernel\Memory\headers</Filter>
    </ClInclude>
    <ClInclude Include="Utilities\Atmosphere\AtmosphereSystem.h">
      <Filter>Kernel\Utilities\Atmosphere</Filter>
    </ClInclude>
    <ClInclude Include="GraphicsPipeline\GraphicsPipelineData.h">
      <Filter>Kernel\GraphicsPipeline\headers</Filter>
    </ClInclude>
    <ClInclude Include="Templates\QESingleton.h">
      <Filter>Kernel\SetUp</Filter>
    </ClInclude>
  </ItemGroup>
  <ItemGroup>
    <None Include="..\README.txt" />
    <None Include="..\..\misc\debuggers\imgui.natvis">
      <Filter>sources</Filter>
    </None>
    <None Include="..\..\resources\shaders\example.frag">
      <Filter>Shaders</Filter>
    </None>
    <None Include="..\..\resources\shaders\example.vert">
      <Filter>Shaders</Filter>
    </None>
    <None Include="..\..\resources\shaders\Grid\grid.frag">
      <Filter>Shaders\Grid</Filter>
    </None>
    <None Include="..\..\resources\shaders\Grid\grid.vert">
      <Filter>Shaders\Grid</Filter>
    </None>
    <None Include="..\..\resources\shaders\compile.bat">
      <Filter>Shaders\Grid</Filter>
    </None>
  </ItemGroup>
</Project>