<?xml version="1.0" encoding="utf-8"?>
<Project ToolsVersion="4.0" xmlns="http://schemas.microsoft.com/developer/msbuild/2003">
  <ItemGroup>
    <Filter Include="imgui">
      <UniqueIdentifier>{20b90ce4-7fcb-4731-b9a0-075f875de82d}</UniqueIdentifier>
    </Filter>
    <Filter Include="sources">
      <UniqueIdentifier>{f18ab499-84e1-499f-8eff-9754361e0e52}</UniqueIdentifier>
      <Extensions>cpp;c;cc;cxx;def;odl;idl;hpj;bat;asm;asmx</Extensions>
    </Filter>
    <Filter Include="GUI">
      <UniqueIdentifier>{52d0ad18-49df-468f-80bd-defb0611329b}</UniqueIdentifier>
    </Filter>
    <Filter Include="App">
      <UniqueIdentifier>{e466b138-8c0b-4514-a402-395031c930a2}</UniqueIdentifier>
    </Filter>
    <Filter Include="Kernel">
      <UniqueIdentifier>{4eb6fed0-13fa-494f-b773-72f054ee6370}</UniqueIdentifier>
    </Filter>
    <Filter Include="Kernel\SetUp">
      <UniqueIdentifier>{b9d189ed-ab45-4236-9688-2a9375ddb612}</UniqueIdentifier>
    </Filter>
    <Filter Include="Kernel\SetUp\sources">
      <UniqueIdentifier>{51a61441-542a-4ed3-b73a-460e3703ea0c}</UniqueIdentifier>
    </Filter>
    <Filter Include="Kernel\SetUp\headers">
      <UniqueIdentifier>{d0beef7d-5832-43d6-90b4-705de0c991ac}</UniqueIdentifier>
    </Filter>
    <Filter Include="Kernel\Presentation">
      <UniqueIdentifier>{2580ffe9-e298-4224-8b17-df481a4244ab}</UniqueIdentifier>
    </Filter>
    <Filter Include="Kernel\Presentation\headers">
      <UniqueIdentifier>{b0b81838-7780-4f7e-ba48-dd98b2cfb242}</UniqueIdentifier>
    </Filter>
    <Filter Include="Kernel\Presentation\sources">
      <UniqueIdentifier>{d2e0b4c8-4cf7-464b-8491-5056617a42e4}</UniqueIdentifier>
    </Filter>
    <Filter Include="Kernel\GraphicsPipeline">
      <UniqueIdentifier>{42c557f6-d63e-43d9-8f16-5b467f764348}</UniqueIdentifier>
    </Filter>
    <Filter Include="Kernel\GraphicsPipeline\headers">
      <UniqueIdentifier>{a18b3027-1502-465b-9127-bb49bfc70e48}</UniqueIdentifier>
    </Filter>
    <Filter Include="Kernel\GraphicsPipeline\sources">
      <UniqueIdentifier>{e4043ad5-a377-4797-8bc7-5acba5ce5128}</UniqueIdentifier>
    </Filter>
    <Filter Include="Shaders">
      <UniqueIdentifier>{d79e10ec-97e2-40f6-9088-425cbe559db4}</UniqueIdentifier>
    </Filter>
    <Filter Include="Kernel\Draw">
      <UniqueIdentifier>{d1850089-beb2-454c-b3ac-2a4a1081b196}</UniqueIdentifier>
    </Filter>
    <Filter Include="Kernel\Draw\headers">
      <UniqueIdentifier>{2ece9db2-5774-4aa3-8fbd-58e797ec77ec}</UniqueIdentifier>
    </Filter>
    <Filter Include="Kernel\Draw\sources">
      <UniqueIdentifier>{49004daf-4735-46db-8028-e14d8a3c72c5}</UniqueIdentifier>
    </Filter>
    <Filter Include="Kernel\Memory">
      <UniqueIdentifier>{277e7ce8-775c-4fe1-a8da-c3fb3f4c4cf4}</UniqueIdentifier>
    </Filter>
    <Filter Include="Kernel\Memory\headers">
      <UniqueIdentifier>{49fa6b27-456b-4bfd-a008-a4d49ed1c234}</UniqueIdentifier>
    </Filter>
    <Filter Include="Kernel\Memory\sources">
      <UniqueIdentifier>{294d2205-60bc-4958-9efd-208d6472d8a0}</UniqueIdentifier>
    </Filter>
    <Filter Include="Kernel\Utilities">
      <UniqueIdentifier>{f727e80c-0a59-4d70-98cf-fcecac7fc314}</UniqueIdentifier>
    </Filter>
    <Filter Include="Kernel\RayTracing">
      <UniqueIdentifier>{c11c40f2-3e60-4c18-a88f-c99ffbd9062b}</UniqueIdentifier>
    </Filter>
    <Filter Include="GUI\headers">
      <UniqueIdentifier>{f78e6fe7-0667-45db-8900-7a3b4cdc6f8d}</UniqueIdentifier>
    </Filter>
    <Filter Include="GUI\sources">
      <UniqueIdentifier>{33f771b8-d83a-4ee8-9d4c-ce65ede56e8a}</UniqueIdentifier>
    </Filter>
    <Filter Include="Kernel\Utilities\headers">
      <UniqueIdentifier>{9e0eb4c6-cf73-4868-a004-e8ff098416fd}</UniqueIdentifier>
    </Filter>
    <Filter Include="Kernel\Utilities\sources">
      <UniqueIdentifier>{24fcc2b6-6ba6-47eb-af5f-946158765a42}</UniqueIdentifier>
    </Filter>
    <Filter Include="Input">
      <UniqueIdentifier>{5ece5c4b-5470-443d-8622-c4f880cf2143}</UniqueIdentifier>
    </Filter>
    <Filter Include="Kernel\Utilities\Geometry">
      <UniqueIdentifier>{917bab5f-3fc6-402a-99f9-0b706a22c125}</UniqueIdentifier>
    </Filter>
    <Filter Include="Kernel\Utilities\Geometry\headers">
      <UniqueIdentifier>{367dba87-a6a0-4779-9449-4d754e164856}</UniqueIdentifier>
    </Filter>
    <Filter Include="Kernel\Utilities\Geometry\sources">
      <UniqueIdentifier>{c9ba81bf-d5bc-4c0c-954c-3e9e7c901093}</UniqueIdentifier>
    </Filter>
    <Filter Include="Shaders\Grid">
      <UniqueIdentifier>{72acd058-6f24-4783-aa03-7ae4e3baedb1}</UniqueIdentifier>
    </Filter>
    <Filter Include="Kernel\Utilities\Light">
      <UniqueIdentifier>{0a640924-8f1b-4954-8857-79b55ca5580d}</UniqueIdentifier>
    </Filter>
    <Filter Include="Kernel\Utilities\Camera">
      <UniqueIdentifier>{e7700273-ac32-4d4d-9217-f056679a8f6a}</UniqueIdentifier>
    </Filter>
    <Filter Include="Kernel\Utilities\Light\headers">
      <UniqueIdentifier>{ad10c99b-dd8c-4cda-b1e3-0b74eb1fce0f}</UniqueIdentifier>
    </Filter>
    <Filter Include="Kernel\Utilities\Light\sources">
      <UniqueIdentifier>{d35529f0-c9a2-497f-9c3d-7af2d7ae40c9}</UniqueIdentifier>
    </Filter>
  </ItemGroup>
  <ItemGroup>
    <ClCompile Include="main.cpp">
      <Filter>sources</Filter>
    </ClCompile>
    <ClCompile Include="SetUp\VulkanLayerAndExtension.cpp">
      <Filter>Kernel\SetUp\sources</Filter>
    </ClCompile>
    <ClCompile Include="SetUp\DeviceModule.cpp">
      <Filter>Kernel\SetUp\sources</Filter>
    </ClCompile>
    <ClCompile Include="SetUp\VulkanInstance.cpp">
      <Filter>Kernel\SetUp\sources</Filter>
    </ClCompile>
    <ClCompile Include="Presentation\SwapChainModule.cpp">
      <Filter>Kernel\Presentation\sources</Filter>
    </ClCompile>
    <ClCompile Include="Presentation\WindowSurface.cpp">
      <Filter>Kernel\Presentation\sources</Filter>
    </ClCompile>
    <ClCompile Include="GraphicsPipeline\ShaderModule.cpp">
      <Filter>Kernel\GraphicsPipeline\sources</Filter>
    </ClCompile>
    <ClCompile Include="GraphicsPipeline\GraphicsPipelineModule.cpp">
      <Filter>Kernel\GraphicsPipeline\sources</Filter>
    </ClCompile>
    <ClCompile Include="Presentation\ImageViewModule.cpp">
      <Filter>Kernel\Presentation\sources</Filter>
    </ClCompile>
    <ClCompile Include="Draw\FrameBufferModule.cpp">
      <Filter>Kernel\Draw\sources</Filter>
    </ClCompile>
    <ClCompile Include="Draw\CommandPoolModule.cpp">
      <Filter>Kernel\Draw\sources</Filter>
    </ClCompile>
    <ClCompile Include="Draw\SynchronizationModule.cpp">
      <Filter>Kernel\Draw\sources</Filter>
    </ClCompile>
    <ClCompile Include="Memory\BufferManageModule.cpp">
      <Filter>Kernel\Memory\sources</Filter>
    </ClCompile>
    <ClCompile Include="Memory\DescriptorModule.cpp">
      <Filter>Kernel\Memory\sources</Filter>
    </ClCompile>
    <ClCompile Include="Presentation\DepthBufferModule.cpp">
      <Filter>Kernel\Presentation\sources</Filter>
    </ClCompile>
    <ClCompile Include="Memory\TextureManagerModule.cpp">
      <Filter>Kernel\Memory\sources</Filter>
    </ClCompile>
    <ClCompile Include="Presentation\AntiAliasingModule.cpp">
      <Filter>Kernel\Presentation\sources</Filter>
    </ClCompile>
    <ClCompile Include="RayTracing\RayTracingModule.cpp">
      <Filter>Kernel\RayTracing</Filter>
    </ClCompile>
    <ClCompile Include="GUI\GUIWindow.cpp">
      <Filter>GUI\sources</Filter>
    </ClCompile>
    <ClCompile Include="GUI\SceneWindow.cpp">
      <Filter>GUI\sources</Filter>
    </ClCompile>
    <ClCompile Include="App\App.cpp">
      <Filter>App</Filter>
    </ClCompile>
    <ClCompile Include="Utilities\Material.cpp">
      <Filter>Kernel\Utilities\sources</Filter>
    </ClCompile>
    <ClCompile Include="Utilities\GameObject.cpp">
      <Filter>Kernel\Utilities\sources</Filter>
    </ClCompile>
    <ClCompile Include="Utilities\GameComponent.cpp">
      <Filter>Kernel\Utilities\sources</Filter>
    </ClCompile>
    <ClCompile Include="Utilities\Transform.cpp">
      <Filter>Kernel\Utilities\sources</Filter>
    </ClCompile>
    <ClCompile Include="Utilities\CustomTexture.cpp">
      <Filter>Kernel\Utilities\sources</Filter>
    </ClCompile>
    <ClCompile Include="SetUp\QueueModule.cpp">
      <Filter>Kernel\SetUp\sources</Filter>
    </ClCompile>
    <ClCompile Include="Input\KeyboardController.cpp">
      <Filter>Input</Filter>
    </ClCompile>
    <ClCompile Include="Draw\RenderPassModule.cpp">
      <Filter>Kernel\Draw\sources</Filter>
    </ClCompile>
    <ClCompile Include="Utilities\Geometry\GeometryComponent.cpp">
      <Filter>Kernel\Utilities\Geometry\sources</Filter>
    </ClCompile>
    <ClCompile Include="Utilities\Geometry\Mesh.cpp">
      <Filter>Kernel\Utilities\Geometry\sources</Filter>
    </ClCompile>
    <ClCompile Include="Utilities\Geometry\PrimitiveMesh.cpp">
      <Filter>Kernel\Utilities\Geometry\sources</Filter>
    </ClCompile>
    <ClCompile Include="Memory\UBO.cpp">
      <Filter>Kernel\Memory\sources</Filter>
    </ClCompile>
    <ClCompile Include="Utilities\Camera.cpp">
      <Filter>Kernel\Utilities\Camera</Filter>
    </ClCompile>
    <ClCompile Include="Utilities\Light\Light.cpp">
      <Filter>Kernel\Utilities\Light\sources</Filter>
    </ClCompile>
    <ClCompile Include="Utilities\Light\LightManager.cpp">
      <Filter>Kernel\Utilities\Light\sources</Filter>
    </ClCompile>
    <ClCompile Include="Utilities\Light\PointLight.cpp">
      <Filter>Kernel\Utilities\Light\sources</Filter>
    </ClCompile>
    <ClCompile Include="..\Linking\imgui\backends\imgui_impl_glfw.cpp">
      <Filter>sources</Filter>
    </ClCompile>
    <ClCompile Include="..\Linking\imgui\backends\imgui_impl_vulkan.cpp">
      <Filter>sources</Filter>
    </ClCompile>
    <ClCompile Include="..\Linking\imgui\imgui.cpp">
      <Filter>sources</Filter>
    </ClCompile>
    <ClCompile Include="..\Linking\imgui\imgui_demo.cpp">
      <Filter>sources</Filter>
    </ClCompile>
    <ClCompile Include="..\Linking\imgui\imgui_draw.cpp">
      <Filter>sources</Filter>
    </ClCompile>
    <ClCompile Include="..\Linking\imgui\imgui_tables.cpp">
      <Filter>sources</Filter>
    </ClCompile>
    <ClCompile Include="..\Linking\imgui\imgui_widgets.cpp">
      <Filter>sources</Filter>
    </ClCompile>
    <ClCompile Include="Utilities\Geometry\MeshImporter.cpp">
      <Filter>Kernel\Utilities\Geometry\sources</Filter>
    </ClCompile>
  </ItemGroup>
  <ItemGroup>
    <ClInclude Include="SetUp\DeviceModule.h">
      <Filter>Kernel\SetUp\headers</Filter>
    </ClInclude>
    <ClInclude Include="SetUp\QueueFamiliesModule.h">
      <Filter>Kernel\SetUp\headers</Filter>
    </ClInclude>
    <ClInclude Include="SetUp\QueueModule.h">
      <Filter>Kernel\SetUp\headers</Filter>
    </ClInclude>
    <ClInclude Include="SetUp\VulkanInstance.h">
      <Filter>Kernel\SetUp\headers</Filter>
    </ClInclude>
    <ClInclude Include="SetUp\VulkanLayerAndExtension.h">
      <Filter>Kernel\SetUp\headers</Filter>
    </ClInclude>
    <ClInclude Include="Presentation\SwapChainModule.h">
      <Filter>Kernel\Presentation\headers</Filter>
    </ClInclude>
    <ClInclude Include="Presentation\WindowSurface.h">
      <Filter>Kernel\Presentation\headers</Filter>
    </ClInclude>
    <ClInclude Include="GraphicsPipeline\ShaderModule.h">
      <Filter>Kernel\GraphicsPipeline\headers</Filter>
    </ClInclude>
    <ClInclude Include="GraphicsPipeline\GraphicsPipelineModule.h">
      <Filter>Kernel\GraphicsPipeline\headers</Filter>
    </ClInclude>
    <ClInclude Include="Presentation\ImageViewModule.h">
      <Filter>Kernel\Presentation\headers</Filter>
    </ClInclude>
    <ClInclude Include="Draw\FrameBufferModule.h">
      <Filter>Kernel\Draw\headers</Filter>
    </ClInclude>
    <ClInclude Include="Draw\CommandPoolModule.h">
      <Filter>Kernel\Draw\headers</Filter>
    </ClInclude>
    <ClInclude Include="Draw\SynchronizationModule.h">
      <Filter>Kernel\Draw\headers</Filter>
    </ClInclude>
    <ClInclude Include="Memory\BufferManageModule.h">
      <Filter>Kernel\Memory\headers</Filter>
    </ClInclude>
    <ClInclude Include="Presentation\SwapChainTool.hpp">
      <Filter>Kernel\Presentation\headers</Filter>
    </ClInclude>
    <ClInclude Include="Memory\DescriptorModule.h">
      <Filter>Kernel\Memory\headers</Filter>
    </ClInclude>
    <ClInclude Include="Presentation\DepthBufferModule.h">
      <Filter>Kernel\Presentation\headers</Filter>
    </ClInclude>
    <ClInclude Include="Memory\ImageMemoryTools.h">
      <Filter>Kernel\Memory\headers</Filter>
    </ClInclude>
    <ClInclude Include="Memory\TextureManagerModule.h">
      <Filter>Kernel\Memory\headers</Filter>
    </ClInclude>
    <ClInclude Include="Presentation\AntiAliasingModule.h">
      <Filter>Kernel\Presentation\headers</Filter>
    </ClInclude>
    <ClInclude Include="RayTracing\RayTracingModule.h">
      <Filter>Kernel\RayTracing</Filter>
    </ClInclude>
    <ClInclude Include="GUI\GUIWindow.h">
      <Filter>GUI\headers</Filter>
    </ClInclude>
    <ClInclude Include="GUI\SceneWindow.h">
      <Filter>GUI\headers</Filter>
    </ClInclude>
    <ClInclude Include="App\App.h">
      <Filter>App</Filter>
    </ClInclude>
    <ClInclude Include="Utilities\Material.h">
      <Filter>Kernel\Utilities\headers</Filter>
    </ClInclude>
    <ClInclude Include="Utilities\GameObject.h">
      <Filter>Kernel\Utilities\headers</Filter>
    </ClInclude>
    <ClInclude Include="Utilities\GameComponent.h">
      <Filter>Kernel\Utilities\headers</Filter>
    </ClInclude>
    <ClInclude Include="Utilities\Transform.h">
      <Filter>Kernel\Utilities\headers</Filter>
    </ClInclude>
    <ClInclude Include="Utilities\CustomTexture.h">
      <Filter>Kernel\Utilities\headers</Filter>
    </ClInclude>
    <ClInclude Include="Draw\SyncTool.h">
      <Filter>Kernel\Draw\headers</Filter>
    </ClInclude>
    <ClInclude Include="Input\KeyboardController.h">
      <Filter>Input</Filter>
    </ClInclude>
    <ClInclude Include="Draw\RenderPassModule.h">
      <Filter>Kernel\Draw\headers</Filter>
    </ClInclude>
    <ClInclude Include="Utilities\Geometry\GeometryComponent.h">
      <Filter>Kernel\Utilities\Geometry\headers</Filter>
    </ClInclude>
    <ClInclude Include="Utilities\Geometry\Mesh.h">
      <Filter>Kernel\Utilities\Geometry\headers</Filter>
    </ClInclude>
    <ClInclude Include="Utilities\Geometry\Vertex.h">
      <Filter>Kernel\Utilities\Geometry\headers</Filter>
    </ClInclude>
    <ClInclude Include="Utilities\Geometry\PrimitiveMesh.h">
      <Filter>Kernel\Utilities\Geometry\headers</Filter>
    </ClInclude>
    <ClInclude Include="Utilities\Geometry\PrimitiveTypes.h">
      <Filter>Kernel\Utilities\Geometry\headers</Filter>
    </ClInclude>
    <ClInclude Include="Utilities\TextureTypes.h">
      <Filter>Kernel\Utilities\headers</Filter>
    </ClInclude>
    <ClInclude Include="Memory\UBO.h">
      <Filter>Kernel\Memory\headers</Filter>
    </ClInclude>
    <ClInclude Include="Utilities\Camera.h">
      <Filter>Kernel\Utilities\Camera</Filter>
    </ClInclude>
    <ClInclude Include="Utilities\Light\Light.h">
      <Filter>Kernel\Utilities\Light\headers</Filter>
    </ClInclude>
    <ClInclude Include="Utilities\Light\LightManager.h">
      <Filter>Kernel\Utilities\Light\headers</Filter>
    </ClInclude>
    <ClInclude Include="Utilities\Light\PointLight.h">
      <Filter>Kernel\Utilities\Light\headers</Filter>
    </ClInclude>
    <ClInclude Include="..\Linking\imgui\backends\imgui_impl_glfw.h" />
    <ClInclude Include="..\Linking\imgui\backends\imgui_impl_vulkan.h" />
    <ClInclude Include="..\Linking\imgui\imconfig.h" />
    <ClInclude Include="..\Linking\imgui\imgui.h" />
    <ClInclude Include="..\Linking\imgui\imgui_internal.h" />
    <ClInclude Include="Utilities\Geometry\MeshImporter.h">
      <Filter>Kernel\Utilities\Geometry\headers</Filter>
    </ClInclude>
  </ItemGroup>
  <ItemGroup>
    <None Include="..\README.txt" />
    <None Include="..\..\misc\debuggers\imgui.natvis">
      <Filter>sources</Filter>
    </None>
    <None Include="..\..\resources\shaders\example.frag">
      <Filter>Shaders</Filter>
    </None>
    <None Include="..\..\resources\shaders\example.vert">
      <Filter>Shaders</Filter>
    </None>
    <None Include="..\..\resources\shaders\Grid\grid.frag">
      <Filter>Shaders\Grid</Filter>
    </None>
    <None Include="..\..\resources\shaders\Grid\grid.vert">
      <Filter>Shaders\Grid</Filter>
    </None>
    <None Include="..\..\resources\shaders\compile.bat">
      <Filter>Shaders\Grid</Filter>
    </None>
  </ItemGroup>
</Project>